{
    "name": "nodecg-alpharomeo-stream",
    "version": "1.0.0",
    "lockfileVersion": 2,
    "requires": true,
    "packages": {
        "": {
            "name": "nodecg-alpharomeo-stream",
            "version": "1.0.0",
            "license": "MIT",
            "dependencies": {
                "animejs": "^3.2.1",
                "mopidy": "^1.3.0"
            }
        },
        "node_modules/animejs": {
            "version": "3.2.1",
            "resolved": "https://registry.npmjs.org/animejs/-/animejs-3.2.1.tgz",
            "integrity": "sha512-sWno3ugFryK5nhiDm/2BKeFCpZv7vzerWUcUPyAZLDhMek3+S/p418ldZJbJXo5ZUOpfm2kP2XRO4NJcULMy9A=="
        },
        "node_modules/isomorphic-ws": {
            "version": "4.0.1",
            "resolved": "https://registry.npmjs.org/isomorphic-ws/-/isomorphic-ws-4.0.1.tgz",
            "integrity": "sha512-BhBvN2MBpWTaSHdWRb/bwdZJ1WaehQ2L1KngkCkfLUGF0mAWAT1sQUQacEmQ0jXkFw/czDXPNQSL5u2/Krsz1w==",
            "peerDependencies": {
                "ws": "*"
            }
        },
        "node_modules/mopidy": {
            "version": "1.3.0",
            "resolved": "https://registry.npmjs.org/mopidy/-/mopidy-1.3.0.tgz",
            "integrity": "sha512-wBk5XKXpZY5tMedeWtiS8mZlwOu5RZYibNe5TW85dQMovN4ZW0gl6SPNAwfqiwQ9YiCDOQwwEQ6CnPNPab6QYA==",
            "dependencies": {
                "isomorphic-ws": "^4.0.1",
                "ws": "^7.3.1"
            },
            "engines": {
                "node": ">= 10"
            }
        },
        "node_modules/ws": {
            "version": "7.5.9",
            "resolved": "https://registry.npmjs.org/ws/-/ws-7.5.9.tgz",
            "integrity": "sha512-F+P9Jil7UiSKSkppIiD94dN07AwvFixvLIj1Og1Rl9GGMuNipJnV9JzjD6XuqmAeiswGvUmNLjr5cFuXwNS77Q==",
            "engines": {
                "node": ">=8.3.0"
            },
            "peerDependencies": {
                "bufferutil": "^4.0.1",
                "utf-8-validate": "^5.0.2"
            },
            "peerDependenciesMeta": {
                "bufferutil": {
                    "optional": true
                },
                "utf-8-validate": {
                    "optional": true
                }
            }
        }
    },
    "dependencies": {
        "animejs": {
            "version": "3.2.1",
            "resolved": "https://registry.npmjs.org/animejs/-/animejs-3.2.1.tgz",
            "integrity": "sha512-sWno3ugFryK5nhiDm/2BKeFCpZv7vzerWUcUPyAZLDhMek3+S/p418ldZJbJXo5ZUOpfm2kP2XRO4NJcULMy9A=="
        },
        "isomorphic-ws": {
            "version": "4.0.1",
            "resolved": "https://registry.npmjs.org/isomorphic-ws/-/isomorphic-ws-4.0.1.tgz",
            "integrity": "sha512-BhBvN2MBpWTaSHdWRb/bwdZJ1WaehQ2L1KngkCkfLUGF0mAWAT1sQUQacEmQ0jXkFw/czDXPNQSL5u2/Krsz1w==",
            "requires": {}
        },
        "mopidy": {
            "version": "1.3.0",
            "resolved": "https://registry.npmjs.org/mopidy/-/mopidy-1.3.0.tgz",
            "integrity": "sha512-wBk5XKXpZY5tMedeWtiS8mZlwOu5RZYibNe5TW85dQMovN4ZW0gl6SPNAwfqiwQ9YiCDOQwwEQ6CnPNPab6QYA==",
            "requires": {
                "isomorphic-ws": "^4.0.1",
                "ws": "^7.3.1"
            }
        },
        "ws": {
            "version": "7.5.9",
            "resolved": "https://registry.npmjs.org/ws/-/ws-7.5.9.tgz",
            "integrity": "sha512-F+P9Jil7UiSKSkppIiD94dN07AwvFixvLIj1Og1Rl9GGMuNipJnV9JzjD6XuqmAeiswGvUmNLjr5cFuXwNS77Q==",
            "requires": {}
        }
    }
}
